
Microsoft Visual Studio Solution File, Format Version 12.00
# Visual Studio Version 16
VisualStudioVersion = 16.0.34931.43
MinimumVisualStudioVersion = 10.0.40219.1
Project("{FAE04EC0-301F-11D3-BF4B-00C04F79EFBC}") = "MvcCvMiniProje", "MvcCvMiniProje\MvcCvMiniProje.csproj", "{750E9E76-96A2-4FA9-8446-F81C7DACBEA3}"
EndProject
Global
	GlobalSection(SolutionConfigurationPlatforms) = preSolution
		Debug|Any CPU = Debug|Any CPU
		Release|Any CPU = Release|Any CPU
	EndGlobalSection
	GlobalSection(ProjectConfigurationPlatforms) = postSolution
		{750E9E76-96A2-4FA9-8446-F81C7DACBEA3}.Debug|Any CPU.ActiveCfg = Debug|Any CPU
		{750E9E76-96A2-4FA9-8446-F81C7DACBEA3}.Debug|Any CPU.Build.0 = Debug|Any CPU
		{750E9E76-96A2-4FA9-8446-F81C7DACBEA3}.Release|Any CPU.ActiveCfg = Release|Any CPU
		{750E9E76-96A2-4FA9-8446-F81C7DACBEA3}.Release|Any CPU.Build.0 = Release|Any CPU
	EndGlobalSection
	GlobalSection(SolutionProperties) = preSolution
		HideSolutionNode = FALSE
	EndGlobalSection
	GlobalSection(ExtensibilityGlobals) = postSolution
		SolutionGuid = {637DEC86-BADC-4D53-A619-B7C38D463101}
	EndGlobalSection
EndGlobal
